
Microsoft Visual Studio Solution File, Format Version 12.00
# Visual Studio 15
VisualStudioVersion = 15.0.28307.1433
MinimumVisualStudioVersion = 10.0.40219.1
Project("{FAE04EC0-301F-11D3-BF4B-00C04F79EFBC}") = "ToBase64FileConverter", "ToBase64FileConverter\ToBase64FileConverter.csproj", "{F4AEA3D9-7E83-4F44-9EC0-578D4149BC23}"
EndProject
Project("{2150E333-8FDC-42A3-9474-1A3956D46DE8}") = "Solution Folder", "Solution Folder", "{E8B83619-A902-4458-904E-CD48C494CA19}"
	ProjectSection(SolutionItems) = preProject
		..\.gitignore = ..\.gitignore
		..\LICENSE = ..\LICENSE
		..\README.md = ..\README.md
	EndProjectSection
EndProject
Project("{2150E333-8FDC-42A3-9474-1A3956D46DE8}") = "img", "img", "{7299825A-80FD-4344-8458-2D1D12297947}"
	ProjectSection(SolutionItems) = preProject
		..\img\Bild_20210409_100808_001.png = ..\img\Bild_20210409_100808_001.png
	EndProjectSection
EndProject
Project("{2150E333-8FDC-42A3-9474-1A3956D46DE8}") = "test", "test", "{10D73863-CF51-423A-9B98-088EA23A2887}"
	ProjectSection(SolutionItems) = preProject
		..\test\HappyFace (1).jpg = ..\test\HappyFace (1).jpg
		..\test\HappyFace (1).jpg.txt = ..\test\HappyFace (1).jpg.txt
		..\test\HappyFace.jpg = ..\test\HappyFace.jpg
		..\test\HappyFace.jpg.txt = ..\test\HappyFace.jpg.txt
		..\test\index.html = ..\test\index.html
	EndProjectSection
EndProject
Global
	GlobalSection(SolutionConfigurationPlatforms) = preSolution
		Debug|Any CPU = Debug|Any CPU
		Release|Any CPU = Release|Any CPU
	EndGlobalSection
	GlobalSection(ProjectConfigurationPlatforms) = postSolution
		{F4AEA3D9-7E83-4F44-9EC0-578D4149BC23}.Debug|Any CPU.ActiveCfg = Debug|Any CPU
		{F4AEA3D9-7E83-4F44-9EC0-578D4149BC23}.Debug|Any CPU.Build.0 = Debug|Any CPU
		{F4AEA3D9-7E83-4F44-9EC0-578D4149BC23}.Release|Any CPU.ActiveCfg = Release|Any CPU
		{F4AEA3D9-7E83-4F44-9EC0-578D4149BC23}.Release|Any CPU.Build.0 = Release|Any CPU
	EndGlobalSection
	GlobalSection(SolutionProperties) = preSolution
		HideSolutionNode = FALSE
	EndGlobalSection
	GlobalSection(NestedProjects) = preSolution
		{7299825A-80FD-4344-8458-2D1D12297947} = {E8B83619-A902-4458-904E-CD48C494CA19}
		{10D73863-CF51-423A-9B98-088EA23A2887} = {E8B83619-A902-4458-904E-CD48C494CA19}
	EndGlobalSection
	GlobalSection(ExtensibilityGlobals) = postSolution
		SolutionGuid = {B44BCC25-0B81-4683-BBB0-717AF89F3109}
	EndGlobalSection
EndGlobal
